Microsoft Visual Studio Solution File, Format Version 12.00
# Visual Studio 14
VisualStudioVersion = 14.0.25420.1
MinimumVisualStudioVersion = 10.0.40219.1
Project("{FAE04EC0-301F-11D3-BF4B-00C04F79EFBC}") = "UXI.App", "src\UXI.App\UXI.App.csproj", "{3B6782FA-1654-4437-BF77-01407FB09672}"
EndProject
Project("{FAE04EC0-301F-11D3-BF4B-00C04F79EFBC}") = "UXI.Common", "src\UXI.Common\UXI.Common.csproj", "{2F7ADF76-E1BC-4F1C-B82C-A7EAEC9843CB}"
EndProject
Project("{FAE04EC0-301F-11D3-BF4B-00C04F79EFBC}") = "UXI.Common.UI", "src\UXI.Common.UI\UXI.Common.UI.csproj", "{F6007D6D-C83B-4525-841F-376312645B5B}"
EndProject
Project("{FAE04EC0-301F-11D3-BF4B-00C04F79EFBC}") = "UXI.Configuration", "src\UXI.Configuration\UXI.Configuration.csproj", "{FC2F6839-EB94-4B57-B393-91F87B40624E}"
EndProject
Project("{FAE04EC0-301F-11D3-BF4B-00C04F79EFBC}") = "UXI.IO", "src\UXI.IO\UXI.IO.csproj", "{E07F0E4F-225E-46F2-9D33-208C7F29FFFB}"
EndProject
Project("{FAE04EC0-301F-11D3-BF4B-00C04F79EFBC}") = "UXI.IO.NTFS", "src\UXI.IO.NTFS\UXI.IO.NTFS.csproj", "{7247A91F-E96E-44FF-A85E-97A8E949EDD4}"
EndProject
Project("{FAE04EC0-301F-11D3-BF4B-00C04F79EFBC}") = "UXI.ZIP", "src\UXI.ZIP\UXI.ZIP.csproj", "{A1063821-DC98-4127-9E6A-0826CD507363}"
EndProject
Project("{2150E333-8FDC-42A3-9474-1A3956D46DE8}") = "Tests", "Tests", "{DBF634C4-AEC3-474B-BAB6-813D25656A71}"
	ProjectSection(SolutionItems) = preProject
		test\test.runsettings = test\test.runsettings
	EndProjectSection
EndProject
Project("{FAE04EC0-301F-11D3-BF4B-00C04F79EFBC}") = "UXI.OwinServer", "src\UXI.OwinServer\UXI.OwinServer.csproj", "{51CD5788-D705-4713-97DC-542B7D4A50DD}"
EndProject
Project("{FAE04EC0-301F-11D3-BF4B-00C04F79EFBC}") = "UXI.Configuration.IniStorage", "src\UXI.Configuration.IniStorage\UXI.Configuration.IniStorage.csproj", "{A7BEEA36-9E2C-40B6-9950-1A355532B1DF}"
EndProject
Project("{FAE04EC0-301F-11D3-BF4B-00C04F79EFBC}") = "UXI.Configuration.Test", "test\UXI.Configuration.Test\UXI.Configuration.Test.csproj", "{240AF69B-EC04-43E5-8872-94FFE1AB9B3C}"
EndProject
Project("{FAE04EC0-301F-11D3-BF4B-00C04F79EFBC}") = "UXI.Common.Web", "src\UXI.Common.Web\UXI.Common.Web.csproj", "{49FEE3CF-7271-430C-ACA8-351218CA4F4B}"
EndProject
Project("{FAE04EC0-301F-11D3-BF4B-00C04F79EFBC}") = "UXI.Common.WebApi", "src\UXI.Common.WebApi\UXI.Common.WebApi.csproj", "{FC66B172-8544-4F0A-B387-90E801643343}"
EndProject
Project("{FAE04EC0-301F-11D3-BF4B-00C04F79EFBC}") = "UXI.CQRS", "src\UXI.CQRS\UXI.CQRS.csproj", "{72BA284C-E149-45F8-9C28-12A373D4E19A}"
EndProject
Project("{FAE04EC0-301F-11D3-BF4B-00C04F79EFBC}") = "UXI.CQRS.EntityFramework", "src\UXI.CQRS.EntityFramework\UXI.CQRS.EntityFramework.csproj", "{0D132A40-951A-4643-8BF7-F9DCEAC8CA69}"
EndProject
Project("{FAE04EC0-301F-11D3-BF4B-00C04F79EFBC}") = "UXI.SystemApi", "src\UXI.SystemApi\UXI.SystemApi.csproj", "{22B8BBB5-667F-4CF1-9799-714A5B598E74}"
EndProject
Project("{FAE04EC0-301F-11D3-BF4B-00C04F79EFBC}") = "UXI.SystemApi.TestApp", "test\UXI.SystemApi.TestApp\UXI.SystemApi.TestApp.csproj", "{504E02FA-3ED0-47B8-A34C-29803AAECB6D}"
EndProject
Project("{FAE04EC0-301F-11D3-BF4B-00C04F79EFBC}") = "UXI.ZIP.Test", "test\UXI.ZIP.Test\UXI.ZIP.Test.csproj", "{6F5CDE7C-D0D4-4C79-B980-19A8EC55324D}"
EndProject
Project("{FAE04EC0-301F-11D3-BF4B-00C04F79EFBC}") = "UXI.Common.UI.TestApp", "test\UXI.Common.UI.TestApp\UXI.Common.UI.TestApp.csproj", "{1AE29A50-8324-497D-8281-A22341EBDAE7}"
EndProject
Project("{2150E333-8FDC-42A3-9474-1A3956D46DE8}") = "Solution Items", "Solution Items", "{1B15D4C1-ECBA-4782-9436-65F71524D509}"
	ProjectSection(SolutionItems) = preProject
		build.bat = build.bat
		LICENSE.txt = LICENSE.txt
		README.md = README.md
	EndProjectSection
EndProject
Project("{2150E333-8FDC-42A3-9474-1A3956D46DE8}") = ".nuget", ".nuget", "{7A50DD6B-449E-4228-8ABA-9B7E100A351F}"
	ProjectSection(SolutionItems) = preProject
		.nuget\UXI.App.nuspec = .nuget\UXI.App.nuspec
		.nuget\UXI.Common.nuspec = .nuget\UXI.Common.nuspec
		.nuget\UXI.Common.UI.nuspec = .nuget\UXI.Common.UI.nuspec
		.nuget\UXI.Common.Web.nuspec = .nuget\UXI.Common.Web.nuspec
		.nuget\UXI.Common.WebApi.nuspec = .nuget\UXI.Common.WebApi.nuspec
		.nuget\UXI.Configuration.IniStorage.nuspec = .nuget\UXI.Configuration.IniStorage.nuspec
		.nuget\UXI.Configuration.nuspec = .nuget\UXI.Configuration.nuspec
		.nuget\UXI.CQRS.EntityFramework.nuspec = .nuget\UXI.CQRS.EntityFramework.nuspec
		.nuget\UXI.CQRS.nuspec = .nuget\UXI.CQRS.nuspec
		.nuget\UXI.IO.NTFS.nuspec = .nuget\UXI.IO.NTFS.nuspec
		.nuget\UXI.IO.nuspec = .nuget\UXI.IO.nuspec
		.nuget\UXI.OwinServer.nuspec = .nuget\UXI.OwinServer.nuspec
		.nuget\UXI.SystemApi.nuspec = .nuget\UXI.SystemApi.nuspec
		.nuget\UXI.ZIP.nuspec = .nuget\UXI.ZIP.nuspec
	EndProjectSection
EndProject
Global
	GlobalSection(SolutionConfigurationPlatforms) = preSolution
		Debug|Any CPU = Debug|Any CPU
		Release|Any CPU = Release|Any CPU
	EndGlobalSection
	GlobalSection(ProjectConfigurationPlatforms) = postSolution
		{3B6782FA-1654-4437-BF77-01407FB09672}.Debug|Any CPU.ActiveCfg = Debug|Any CPU
		{3B6782FA-1654-4437-BF77-01407FB09672}.Debug|Any CPU.Build.0 = Debug|Any CPU
		{3B6782FA-1654-4437-BF77-01407FB09672}.Release|Any CPU.ActiveCfg = Release|Any CPU
		{3B6782FA-1654-4437-BF77-01407FB09672}.Release|Any CPU.Build.0 = Release|Any CPU
		{2F7ADF76-E1BC-4F1C-B82C-A7EAEC9843CB}.Debug|Any CPU.ActiveCfg = Debug|Any CPU
		{2F7ADF76-E1BC-4F1C-B82C-A7EAEC9843CB}.Debug|Any CPU.Build.0 = Debug|Any CPU
		{2F7ADF76-E1BC-4F1C-B82C-A7EAEC9843CB}.Release|Any CPU.ActiveCfg = Release|Any CPU
		{2F7ADF76-E1BC-4F1C-B82C-A7EAEC9843CB}.Release|Any CPU.Build.0 = Release|Any CPU
		{F6007D6D-C83B-4525-841F-376312645B5B}.Debug|Any CPU.ActiveCfg = Debug|Any CPU
		{F6007D6D-C83B-4525-841F-376312645B5B}.Debug|Any CPU.Build.0 = Debug|Any CPU
		{F6007D6D-C83B-4525-841F-376312645B5B}.Release|Any CPU.ActiveCfg = Release|Any CPU
		{F6007D6D-C83B-4525-841F-376312645B5B}.Release|Any CPU.Build.0 = Release|Any CPU
		{FC2F6839-EB94-4B57-B393-91F87B40624E}.Debug|Any CPU.ActiveCfg = Debug|Any CPU
		{FC2F6839-EB94-4B57-B393-91F87B40624E}.Debug|Any CPU.Build.0 = Debug|Any CPU
		{FC2F6839-EB94-4B57-B393-91F87B40624E}.Release|Any CPU.ActiveCfg = Release|Any CPU
		{FC2F6839-EB94-4B57-B393-91F87B40624E}.Release|Any CPU.Build.0 = Release|Any CPU
		{E07F0E4F-225E-46F2-9D33-208C7F29FFFB}.Debug|Any CPU.ActiveCfg = Debug|Any CPU
		{E07F0E4F-225E-46F2-9D33-208C7F29FFFB}.Debug|Any CPU.Build.0 = Debug|Any CPU
		{E07F0E4F-225E-46F2-9D33-208C7F29FFFB}.Release|Any CPU.ActiveCfg = Release|Any CPU
		{E07F0E4F-225E-46F2-9D33-208C7F29FFFB}.Release|Any CPU.Build.0 = Release|Any CPU
		{7247A91F-E96E-44FF-A85E-97A8E949EDD4}.Debug|Any CPU.ActiveCfg = Debug|Any CPU
		{7247A91F-E96E-44FF-A85E-97A8E949EDD4}.Debug|Any CPU.Build.0 = Debug|Any CPU
		{7247A91F-E96E-44FF-A85E-97A8E949EDD4}.Release|Any CPU.ActiveCfg = Release|Any CPU
		{7247A91F-E96E-44FF-A85E-97A8E949EDD4}.Release|Any CPU.Build.0 = Release|Any CPU
		{A1063821-DC98-4127-9E6A-0826CD507363}.Debug|Any CPU.ActiveCfg = Debug|Any CPU
		{A1063821-DC98-4127-9E6A-0826CD507363}.Debug|Any CPU.Build.0 = Debug|Any CPU
		{A1063821-DC98-4127-9E6A-0826CD507363}.Release|Any CPU.ActiveCfg = Release|Any CPU
		{A1063821-DC98-4127-9E6A-0826CD507363}.Release|Any CPU.Build.0 = Release|Any CPU
		{51CD5788-D705-4713-97DC-542B7D4A50DD}.Debug|Any CPU.ActiveCfg = Debug|Any CPU
		{51CD5788-D705-4713-97DC-542B7D4A50DD}.Debug|Any CPU.Build.0 = Debug|Any CPU
		{51CD5788-D705-4713-97DC-542B7D4A50DD}.Release|Any CPU.ActiveCfg = Release|Any CPU
		{51CD5788-D705-4713-97DC-542B7D4A50DD}.Release|Any CPU.Build.0 = Release|Any CPU
		{A7BEEA36-9E2C-40B6-9950-1A355532B1DF}.Debug|Any CPU.ActiveCfg = Debug|Any CPU
		{A7BEEA36-9E2C-40B6-9950-1A355532B1DF}.Debug|Any CPU.Build.0 = Debug|Any CPU
		{A7BEEA36-9E2C-40B6-9950-1A355532B1DF}.Release|Any CPU.ActiveCfg = Release|Any CPU
		{A7BEEA36-9E2C-40B6-9950-1A355532B1DF}.Release|Any CPU.Build.0 = Release|Any CPU
		{240AF69B-EC04-43E5-8872-94FFE1AB9B3C}.Debug|Any CPU.ActiveCfg = Debug|Any CPU
		{240AF69B-EC04-43E5-8872-94FFE1AB9B3C}.Debug|Any CPU.Build.0 = Debug|Any CPU
		{240AF69B-EC04-43E5-8872-94FFE1AB9B3C}.Release|Any CPU.ActiveCfg = Release|Any CPU
		{240AF69B-EC04-43E5-8872-94FFE1AB9B3C}.Release|Any CPU.Build.0 = Release|Any CPU
		{49FEE3CF-7271-430C-ACA8-351218CA4F4B}.Debug|Any CPU.ActiveCfg = Debug|Any CPU
		{49FEE3CF-7271-430C-ACA8-351218CA4F4B}.Debug|Any CPU.Build.0 = Debug|Any CPU
		{49FEE3CF-7271-430C-ACA8-351218CA4F4B}.Release|Any CPU.ActiveCfg = Release|Any CPU
		{49FEE3CF-7271-430C-ACA8-351218CA4F4B}.Release|Any CPU.Build.0 = Release|Any CPU
		{FC66B172-8544-4F0A-B387-90E801643343}.Debug|Any CPU.ActiveCfg = Debug|Any CPU
		{FC66B172-8544-4F0A-B387-90E801643343}.Debug|Any CPU.Build.0 = Debug|Any CPU
		{FC66B172-8544-4F0A-B387-90E801643343}.Release|Any CPU.ActiveCfg = Release|Any CPU
		{FC66B172-8544-4F0A-B387-90E801643343}.Release|Any CPU.Build.0 = Release|Any CPU
		{72BA284C-E149-45F8-9C28-12A373D4E19A}.Debug|Any CPU.ActiveCfg = Debug|Any CPU
		{72BA284C-E149-45F8-9C28-12A373D4E19A}.Debug|Any CPU.Build.0 = Debug|Any CPU
		{72BA284C-E149-45F8-9C28-12A373D4E19A}.Release|Any CPU.ActiveCfg = Release|Any CPU
		{72BA284C-E149-45F8-9C28-12A373D4E19A}.Release|Any CPU.Build.0 = Release|Any CPU
		{0D132A40-951A-4643-8BF7-F9DCEAC8CA69}.Debug|Any CPU.ActiveCfg = Debug|Any CPU
		{0D132A40-951A-4643-8BF7-F9DCEAC8CA69}.Debug|Any CPU.Build.0 = Debug|Any CPU
		{0D132A40-951A-4643-8BF7-F9DCEAC8CA69}.Release|Any CPU.ActiveCfg = Release|Any CPU
		{0D132A40-951A-4643-8BF7-F9DCEAC8CA69}.Release|Any CPU.Build.0 = Release|Any CPU
		{22B8BBB5-667F-4CF1-9799-714A5B598E74}.Debug|Any CPU.ActiveCfg = Debug|Any CPU
		{22B8BBB5-667F-4CF1-9799-714A5B598E74}.Debug|Any CPU.Build.0 = Debug|Any CPU
		{22B8BBB5-667F-4CF1-9799-714A5B598E74}.Release|Any CPU.ActiveCfg = Release|Any CPU
		{22B8BBB5-667F-4CF1-9799-714A5B598E74}.Release|Any CPU.Build.0 = Release|Any CPU
		{504E02FA-3ED0-47B8-A34C-29803AAECB6D}.Debug|Any CPU.ActiveCfg = Debug|Any CPU
		{504E02FA-3ED0-47B8-A34C-29803AAECB6D}.Debug|Any CPU.Build.0 = Debug|Any CPU
		{504E02FA-3ED0-47B8-A34C-29803AAECB6D}.Release|Any CPU.ActiveCfg = Release|Any CPU
		{504E02FA-3ED0-47B8-A34C-29803AAECB6D}.Release|Any CPU.Build.0 = Release|Any CPU
		{6F5CDE7C-D0D4-4C79-B980-19A8EC55324D}.Debug|Any CPU.ActiveCfg = Debug|Any CPU
		{6F5CDE7C-D0D4-4C79-B980-19A8EC55324D}.Debug|Any CPU.Build.0 = Debug|Any CPU
		{6F5CDE7C-D0D4-4C79-B980-19A8EC55324D}.Release|Any CPU.ActiveCfg = Release|Any CPU
		{6F5CDE7C-D0D4-4C79-B980-19A8EC55324D}.Release|Any CPU.Build.0 = Release|Any CPU
		{1AE29A50-8324-497D-8281-A22341EBDAE7}.Debug|Any CPU.ActiveCfg = Debug|Any CPU
		{1AE29A50-8324-497D-8281-A22341EBDAE7}.Debug|Any CPU.Build.0 = Debug|Any CPU
		{1AE29A50-8324-497D-8281-A22341EBDAE7}.Release|Any CPU.ActiveCfg = Release|Any CPU
		{1AE29A50-8324-497D-8281-A22341EBDAE7}.Release|Any CPU.Build.0 = Release|Any CPU
	EndGlobalSection
	GlobalSection(SolutionProperties) = preSolution
		HideSolutionNode = FALSE
	EndGlobalSection
	GlobalSection(NestedProjects) = preSolution
		{240AF69B-EC04-43E5-8872-94FFE1AB9B3C} = {DBF634C4-AEC3-474B-BAB6-813D25656A71}
		{504E02FA-3ED0-47B8-A34C-29803AAECB6D} = {DBF634C4-AEC3-474B-BAB6-813D25656A71}
		{6F5CDE7C-D0D4-4C79-B980-19A8EC55324D} = {DBF634C4-AEC3-474B-BAB6-813D25656A71}
		{1AE29A50-8324-497D-8281-A22341EBDAE7} = {DBF634C4-AEC3-474B-BAB6-813D25656A71}
	EndGlobalSection
EndGlobal
